
Microsoft Visual Studio Solution File, Format Version 10.00
# Visual Studio 2008
Project("{07C4E3D1-6B67-4060-8A92-940DB82041ED}") = "Bag", "Bag.sscproj", "{06ACDBB6-2419-496F-B48F-4426E5016C54}"
EndProject
Global
	GlobalSection(SolutionConfigurationPlatforms) = preSolution
		Debug|Any CPU = Debug|Any CPU
		Release|Any CPU = Release|Any CPU
	EndGlobalSection
	GlobalSection(ProjectConfigurationPlatforms) = postSolution
		{06ACDBB6-2419-496F-B48F-4426E5016C54}.Debug|Any CPU.ActiveCfg = Debug|.NET
		{06ACDBB6-2419-496F-B48F-4426E5016C54}.Debug|Any CPU.Build.0 = Debug|.NET
		{06ACDBB6-2419-496F-B48F-4426E5016C54}.Release|Any CPU.ActiveCfg = Release|.NET
		{06ACDBB6-2419-496F-B48F-4426E5016C54}.Release|Any CPU.Build.0 = Release|.NET
	EndGlobalSection
	GlobalSection(SolutionProperties) = preSolution
		HideSolutionNode = FALSE
	EndGlobalSection
EndGlobal
