Microsoft Visual Studio Solution File, Format Version 10.00
# Visual Studio 2008
Project("{07C4E3D1-6B67-4060-8A92-940DB82041ED}") = "UseMscorlibContracts", "UseMscorlibContracts.sscproj", "{C943E6E9-CFEB-4159-9260-D4447D3F4EE3}"
EndProject
Global
	GlobalSection(SolutionConfigurationPlatforms) = preSolution
		Debug|.NET = Debug|.NET
		Release|.NET = Release|.NET
	EndGlobalSection
	GlobalSection(ProjectConfigurationPlatforms) = postSolution
		{C943E6E9-CFEB-4159-9260-D4447D3F4EE3}.Debug|.NET.ActiveCfg = Debug|.NET
		{C943E6E9-CFEB-4159-9260-D4447D3F4EE3}.Debug|.NET.Build.0 = Debug|.NET
		{C943E6E9-CFEB-4159-9260-D4447D3F4EE3}.Release|.NET.ActiveCfg = Release|.NET
		{C943E6E9-CFEB-4159-9260-D4447D3F4EE3}.Release|.NET.Build.0 = Release|.NET
	EndGlobalSection
	GlobalSection(SolutionProperties) = preSolution
		HideSolutionNode = FALSE
	EndGlobalSection
EndGlobal
