Microsoft Visual Studio Solution File, Format Version 10.00
# Visual Studio 2008
Project("{07C4E3D1-6B67-4060-8A92-940DB82041ED}") = "Chunker", "Chunker.sscproj", "{06ACDBB6-2419-496F-B48F-4426E5016C54}"
EndProject
Global
	GlobalSection(SolutionConfigurationPlatforms) = preSolution
		Debug|.NET = Debug|.NET
		Release|.NET = Release|.NET
	EndGlobalSection
	GlobalSection(ProjectConfigurationPlatforms) = postSolution
		{06ACDBB6-2419-496F-B48F-4426E5016C54}.Debug|.NET.ActiveCfg = Debug|.NET
		{06ACDBB6-2419-496F-B48F-4426E5016C54}.Debug|.NET.Build.0 = Debug|.NET
		{06ACDBB6-2419-496F-B48F-4426E5016C54}.Release|.NET.ActiveCfg = Release|.NET
		{06ACDBB6-2419-496F-B48F-4426E5016C54}.Release|.NET.Build.0 = Release|.NET
	EndGlobalSection
	GlobalSection(SolutionProperties) = preSolution
		HideSolutionNode = FALSE
	EndGlobalSection
EndGlobal
